
Microsoft Visual Studio Solution File, Format Version 12.00
# Visual Studio Version 17
VisualStudioVersion = 17.8.34330.188
MinimumVisualStudioVersion = 10.0.40219.1
Project("{FAE04EC0-301F-11D3-BF4B-00C04F79EFBC}") = "Notebook.Api", "Notebook.Api\Notebook.Api.csproj", "{626D394F-3745-4C77-843B-36A7DE131DF4}"
EndProject
Global
	GlobalSection(SolutionConfigurationPlatforms) = preSolution
		Debug|Any CPU = Debug|Any CPU
		Release|Any CPU = Release|Any CPU
	EndGlobalSection
	GlobalSection(ProjectConfigurationPlatforms) = postSolution
		{626D394F-3745-4C77-843B-36A7DE131DF4}.Debug|Any CPU.ActiveCfg = Debug|Any CPU
		{626D394F-3745-4C77-843B-36A7DE131DF4}.Debug|Any CPU.Build.0 = Debug|Any CPU
		{626D394F-3745-4C77-843B-36A7DE131DF4}.Release|Any CPU.ActiveCfg = Release|Any CPU
		{626D394F-3745-4C77-843B-36A7DE131DF4}.Release|Any CPU.Build.0 = Release|Any CPU
	EndGlobalSection
	GlobalSection(SolutionProperties) = preSolution
		HideSolutionNode = FALSE
	EndGlobalSection
	GlobalSection(ExtensibilityGlobals) = postSolution
		SolutionGuid = {ABD8A1F9-DEB9-4718-9B99-94EDC4164C02}
	EndGlobalSection
EndGlobal
